<Solution>
  <Project Path="LucasVerissimo.XrmToolBox.DataverseUsageExplorer\LucasVerissimo.XrmToolBox.DataverseUsageExplorer.csproj" Id="c4820e2a-19f8-4dd8-a89c-cf99620f9ec9" />
  <Project Path="LucasVerissimo.XrmToolBox.FieldChangeMonitor\LucasVerissimo.XrmToolBox.FieldChangeMonitor.csproj" Id="968d155e-9cd5-4552-9bc4-a95489cbffc8" />
  <Project Path="LucasVerissimo.XrmToolBox.Shared\LucasVerissimo.XrmToolBox.Shared.shproj" Id="26d57429-b7d4-49c8-8c1a-9616d0e7e34a" />
  <Project Path="LucasVerissimo.XrmToolBox.ToolManager\LucasVerissimo.XrmToolBox.ToolManager.csproj" />
</Solution>
